
Microsoft Visual Studio Solution File, Format Version 12.00
# Visual Studio Version 17
VisualStudioVersion = 17.8.34601.278
MinimumVisualStudioVersion = 10.0.40219.1
Project("{9A19103F-16F7-4668-BE54-9A1E7A4F7556}") = "CellAutomata", "CellAutomata\CellAutomata.csproj", "{8CB594A0-745C-456B-A16B-BBD36A8024C1}"
EndProject
Project("{8BC9CEB8-8B4A-11D0-8D11-00A0C91BC942}") = "hashlife", "hashlife\hashlife.vcxproj", "{25AF567A-C0F8-4D96-9A38-44B1042471B8}"
EndProject
Global
	GlobalSection(SolutionConfigurationPlatforms) = preSolution
		Debug|Any CPU = Debug|Any CPU
		Debug|x64 = Debug|x64
		Debug|x86 = Debug|x86
		Release|Any CPU = Release|Any CPU
		Release|x64 = Release|x64
		Release|x86 = Release|x86
	EndGlobalSection
	GlobalSection(ProjectConfigurationPlatforms) = postSolution
		{8CB594A0-745C-456B-A16B-BBD36A8024C1}.Debug|Any CPU.ActiveCfg = Debug|Any CPU
		{8CB594A0-745C-456B-A16B-BBD36A8024C1}.Debug|Any CPU.Build.0 = Debug|Any CPU
		{8CB594A0-745C-456B-A16B-BBD36A8024C1}.Debug|x64.ActiveCfg = Debug|Any CPU
		{8CB594A0-745C-456B-A16B-BBD36A8024C1}.Debug|x64.Build.0 = Debug|Any CPU
		{8CB594A0-745C-456B-A16B-BBD36A8024C1}.Debug|x86.ActiveCfg = Debug|Any CPU
		{8CB594A0-745C-456B-A16B-BBD36A8024C1}.Debug|x86.Build.0 = Debug|Any CPU
		{8CB594A0-745C-456B-A16B-BBD36A8024C1}.Release|Any CPU.ActiveCfg = Release|Any CPU
		{8CB594A0-745C-456B-A16B-BBD36A8024C1}.Release|Any CPU.Build.0 = Release|Any CPU
		{8CB594A0-745C-456B-A16B-BBD36A8024C1}.Release|x64.ActiveCfg = Release|Any CPU
		{8CB594A0-745C-456B-A16B-BBD36A8024C1}.Release|x64.Build.0 = Release|Any CPU
		{8CB594A0-745C-456B-A16B-BBD36A8024C1}.Release|x86.ActiveCfg = Release|Any CPU
		{8CB594A0-745C-456B-A16B-BBD36A8024C1}.Release|x86.Build.0 = Release|Any CPU
		{25AF567A-C0F8-4D96-9A38-44B1042471B8}.Debug|Any CPU.ActiveCfg = Debug|x64
		{25AF567A-C0F8-4D96-9A38-44B1042471B8}.Debug|Any CPU.Build.0 = Debug|x64
		{25AF567A-C0F8-4D96-9A38-44B1042471B8}.Debug|x64.ActiveCfg = Debug|x64
		{25AF567A-C0F8-4D96-9A38-44B1042471B8}.Debug|x64.Build.0 = Debug|x64
		{25AF567A-C0F8-4D96-9A38-44B1042471B8}.Debug|x86.ActiveCfg = Debug|Win32
		{25AF567A-C0F8-4D96-9A38-44B1042471B8}.Debug|x86.Build.0 = Debug|Win32
		{25AF567A-C0F8-4D96-9A38-44B1042471B8}.Release|Any CPU.ActiveCfg = Release|x64
		{25AF567A-C0F8-4D96-9A38-44B1042471B8}.Release|Any CPU.Build.0 = Release|x64
		{25AF567A-C0F8-4D96-9A38-44B1042471B8}.Release|x64.ActiveCfg = Release|x64
		{25AF567A-C0F8-4D96-9A38-44B1042471B8}.Release|x64.Build.0 = Release|x64
		{25AF567A-C0F8-4D96-9A38-44B1042471B8}.Release|x86.ActiveCfg = Release|Win32
		{25AF567A-C0F8-4D96-9A38-44B1042471B8}.Release|x86.Build.0 = Release|Win32
	EndGlobalSection
	GlobalSection(SolutionProperties) = preSolution
		HideSolutionNode = FALSE
	EndGlobalSection
	GlobalSection(ExtensibilityGlobals) = postSolution
		SolutionGuid = {FC895E59-2BBB-47BD-A6F8-709E5FB01810}
	EndGlobalSection
EndGlobal
