
Microsoft Visual Studio Solution File, Format Version 12.00
# Visual Studio Version 17
VisualStudioVersion = 17.8.34601.278
MinimumVisualStudioVersion = 10.0.40219.1
Project("{FAE04EC0-301F-11D3-BF4B-00C04F79EFBC}") = "CellAutomata", "CellAutomata\CellAutomata.csproj", "{8CB594A0-745C-456B-A16B-BBD36A8024C1}"
EndProject
Global
	GlobalSection(SolutionConfigurationPlatforms) = preSolution
		Debug|Any CPU = Debug|Any CPU
		Release|Any CPU = Release|Any CPU
	EndGlobalSection
	GlobalSection(ProjectConfigurationPlatforms) = postSolution
		{8CB594A0-745C-456B-A16B-BBD36A8024C1}.Debug|Any CPU.ActiveCfg = Debug|Any CPU
		{8CB594A0-745C-456B-A16B-BBD36A8024C1}.Debug|Any CPU.Build.0 = Debug|Any CPU
		{8CB594A0-745C-456B-A16B-BBD36A8024C1}.Release|Any CPU.ActiveCfg = Release|Any CPU
		{8CB594A0-745C-456B-A16B-BBD36A8024C1}.Release|Any CPU.Build.0 = Release|Any CPU
	EndGlobalSection
	GlobalSection(SolutionProperties) = preSolution
		HideSolutionNode = FALSE
	EndGlobalSection
	GlobalSection(ExtensibilityGlobals) = postSolution
		SolutionGuid = {FC895E59-2BBB-47BD-A6F8-709E5FB01810}
	EndGlobalSection
EndGlobal
